
Microsoft Visual Studio Solution File, Format Version 12.00
# Visual Studio Version 16
VisualStudioVersion = 16.0.31205.134
MinimumVisualStudioVersion = 10.0.40219.1
Project("{FAE04EC0-301F-11D3-BF4B-00C04F79EFBC}") = "domashka4", "domashka4\domashka4.csproj", "{1160107C-9C07-4C3C-B831-B1FD5879F19B}"
EndProject
Global
	GlobalSection(SolutionConfigurationPlatforms) = preSolution
		Debug|Any CPU = Debug|Any CPU
		Release|Any CPU = Release|Any CPU
	EndGlobalSection
	GlobalSection(ProjectConfigurationPlatforms) = postSolution
		{1160107C-9C07-4C3C-B831-B1FD5879F19B}.Debug|Any CPU.ActiveCfg = Debug|Any CPU
		{1160107C-9C07-4C3C-B831-B1FD5879F19B}.Debug|Any CPU.Build.0 = Debug|Any CPU
		{1160107C-9C07-4C3C-B831-B1FD5879F19B}.Release|Any CPU.ActiveCfg = Release|Any CPU
		{1160107C-9C07-4C3C-B831-B1FD5879F19B}.Release|Any CPU.Build.0 = Release|Any CPU
	EndGlobalSection
	GlobalSection(SolutionProperties) = preSolution
		HideSolutionNode = FALSE
	EndGlobalSection
	GlobalSection(ExtensibilityGlobals) = postSolution
		SolutionGuid = {854CCE99-7F47-4C1A-8BEB-00AFE88BB531}
	EndGlobalSection
EndGlobal
